// !$*UTF8*$!
{
	archiveVersion = 1;
	classes = {
	};
	objectVersion = 46;
	objects = {

/* Begin PBXBuildFile section */
		1AA2D45419D323CC0003A9A1 /* AppDelegate.swift in Sources */ = {isa = PBXBuildFile; fileRef = 1AA2D45319D323CC0003A9A1 /* AppDelegate.swift */; };
		1AA2D45619D323CC0003A9A1 /* ViewController.swift in Sources */ = {isa = PBXBuildFile; fileRef = 1AA2D45519D323CC0003A9A1 /* ViewController.swift */; };
		1AA2D45919D323CC0003A9A1 /* Main.storyboard in Resources */ = {isa = PBXBuildFile; fileRef = 1AA2D45719D323CC0003A9A1 /* Main.storyboard */; };
		1AA2D45B19D323CC0003A9A1 /* Images.xcassets in Resources */ = {isa = PBXBuildFile; fileRef = 1AA2D45A19D323CC0003A9A1 /* Images.xcassets */; };
		1AA2D46719D323CC0003A9A1 /* JSONViewTests.swift in Sources */ = {isa = PBXBuildFile; fileRef = 1AA2D46619D323CC0003A9A1 /* JSONViewTests.swift */; };
		1AA2D47319D323EF0003A9A1 /* JSONLoader.swift in Sources */ = {isa = PBXBuildFile; fileRef = 1AA2D47019D323EF0003A9A1 /* JSONLoader.swift */; };
		1AA2D47419D323EF0003A9A1 /* JSONView.swift in Sources */ = {isa = PBXBuildFile; fileRef = 1AA2D47119D323EF0003A9A1 /* JSONView.swift */; };
		1AA2D47519D323EF0003A9A1 /* JSONDataSource.swift in Sources */ = {isa = PBXBuildFile; fileRef = 1AA2D47219D323EF0003A9A1 /* JSONDataSource.swift */; };
		1AA2D47719D324450003A9A1 /* iphone.json in Resources */ = {isa = PBXBuildFile; fileRef = 1AA2D47619D324450003A9A1 /* iphone.json */; };
		1AA2D47919D328C70003A9A1 /* ColorView.swift in Sources */ = {isa = PBXBuildFile; fileRef = 1AA2D47819D328C70003A9A1 /* ColorView.swift */; };
		1AA2D47B19D32BFD0003A9A1 /* hi.json in Resources */ = {isa = PBXBuildFile; fileRef = 1AA2D47A19D32BFD0003A9A1 /* hi.json */; };
		1AA2D47F19D3AA100003A9A1 /* FeatureTableViewCell.swift in Sources */ = {isa = PBXBuildFile; fileRef = 1AA2D47E19D3AA100003A9A1 /* FeatureTableViewCell.swift */; };
/* End PBXBuildFile section */

/* Begin PBXContainerItemProxy section */
		1AA2D46119D323CC0003A9A1 /* PBXContainerItemProxy */ = {
			isa = PBXContainerItemProxy;
			containerPortal = 1AA2D44619D323CC0003A9A1 /* Project object */;
			proxyType = 1;
			remoteGlobalIDString = 1AA2D44D19D323CC0003A9A1;
			remoteInfo = JSONView;
		};
/* End PBXContainerItemProxy section */

/* Begin PBXFileReference section */
		1AA2D44E19D323CC0003A9A1 /* JSONView.app */ = {isa = PBXFileReference; explicitFileType = wrapper.application; includeInIndex = 0; path = JSONView.app; sourceTree = BUILT_PRODUCTS_DIR; };
		1AA2D45219D323CC0003A9A1 /* Info.plist */ = {isa = PBXFileReference; lastKnownFileType = text.plist.xml; path = Info.plist; sourceTree = "<group>"; };
		1AA2D45319D323CC0003A9A1 /* AppDelegate.swift */ = {isa = PBXFileReference; lastKnownFileType = sourcecode.swift; path = AppDelegate.swift; sourceTree = "<group>"; };
		1AA2D45519D323CC0003A9A1 /* ViewController.swift */ = {isa = PBXFileReference; lastKnownFileType = sourcecode.swift; path = ViewController.swift; sourceTree = "<group>"; };
		1AA2D45819D323CC0003A9A1 /* Base */ = {isa = PBXFileReference; lastKnownFileType = file.storyboard; name = Base; path = Base.lproj/Main.storyboard; sourceTree = "<group>"; };
		1AA2D45A19D323CC0003A9A1 /* Images.xcassets */ = {isa = PBXFileReference; lastKnownFileType = folder.assetcatalog; path = Images.xcassets; sourceTree = "<group>"; };
		1AA2D46019D323CC0003A9A1 /* JSONViewTests.xctest */ = {isa = PBXFileReference; explicitFileType = wrapper.cfbundle; includeInIndex = 0; path = JSONViewTests.xctest; sourceTree = BUILT_PRODUCTS_DIR; };
		1AA2D46519D323CC0003A9A1 /* Info.plist */ = {isa = PBXFileReference; lastKnownFileType = text.plist.xml; path = Info.plist; sourceTree = "<group>"; };
		1AA2D46619D323CC0003A9A1 /* JSONViewTests.swift */ = {isa = PBXFileReference; lastKnownFileType = sourcecode.swift; path = JSONViewTests.swift; sourceTree = "<group>"; };
		1AA2D47019D323EF0003A9A1 /* JSONLoader.swift */ = {isa = PBXFileReference; fileEncoding = 4; lastKnownFileType = sourcecode.swift; path = JSONLoader.swift; sourceTree = "<group>"; };
		1AA2D47119D323EF0003A9A1 /* JSONView.swift */ = {isa = PBXFileReference; fileEncoding = 4; lastKnownFileType = sourcecode.swift; path = JSONView.swift; sourceTree = "<group>"; };
		1AA2D47219D323EF0003A9A1 /* JSONDataSource.swift */ = {isa = PBXFileReference; fileEncoding = 4; lastKnownFileType = sourcecode.swift; path = JSONDataSource.swift; sourceTree = "<group>"; };
		1AA2D47619D324450003A9A1 /* iphone.json */ = {isa = PBXFileReference; fileEncoding = 4; lastKnownFileType = text.json; path = iphone.json; sourceTree = "<group>"; };
		1AA2D47819D328C70003A9A1 /* ColorView.swift */ = {isa = PBXFileReference; fileEncoding = 4; lastKnownFileType = sourcecode.swift; path = ColorView.swift; sourceTree = "<group>"; };
		1AA2D47A19D32BFD0003A9A1 /* hi.json */ = {isa = PBXFileReference; fileEncoding = 4; lastKnownFileType = text.json; path = hi.json; sourceTree = "<group>"; };
		1AA2D47E19D3AA100003A9A1 /* FeatureTableViewCell.swift */ = {isa = PBXFileReference; fileEncoding = 4; lastKnownFileType = sourcecode.swift; path = FeatureTableViewCell.swift; sourceTree = "<group>"; };
/* End PBXFileReference section */

/* Begin PBXFrameworksBuildPhase section */
		1AA2D44B19D323CC0003A9A1 /* Frameworks */ = {
			isa = PBXFrameworksBuildPhase;
			buildActionMask = 2147483647;
			files = (
			);
			runOnlyForDeploymentPostprocessing = 0;
		};
		1AA2D45D19D323CC0003A9A1 /* Frameworks */ = {
			isa = PBXFrameworksBuildPhase;
			buildActionMask = 2147483647;
			files = (
			);
			runOnlyForDeploymentPostprocessing = 0;
		};
/* End PBXFrameworksBuildPhase section */

/* Begin PBXGroup section */
		1AA2D44519D323CC0003A9A1 = {
			isa = PBXGroup;
			children = (
				1AA2D45019D323CC0003A9A1 /* JSONView */,
				1AA2D46319D323CC0003A9A1 /* JSONViewTests */,
				1AA2D44F19D323CC0003A9A1 /* Products */,
			);
			sourceTree = "<group>";
		};
		1AA2D44F19D323CC0003A9A1 /* Products */ = {
			isa = PBXGroup;
			children = (
				1AA2D44E19D323CC0003A9A1 /* JSONView.app */,
				1AA2D46019D323CC0003A9A1 /* JSONViewTests.xctest */,
			);
			name = Products;
			sourceTree = "<group>";
		};
		1AA2D45019D323CC0003A9A1 /* JSONView */ = {
			isa = PBXGroup;
			children = (
				1AA2D47019D323EF0003A9A1 /* JSONLoader.swift */,
				1AA2D47119D323EF0003A9A1 /* JSONView.swift */,
				1AA2D47219D323EF0003A9A1 /* JSONDataSource.swift */,
				1AA2D45319D323CC0003A9A1 /* AppDelegate.swift */,
				1AA2D45519D323CC0003A9A1 /* ViewController.swift */,
				1AA2D45719D323CC0003A9A1 /* Main.storyboard */,
				1AA2D45A19D323CC0003A9A1 /* Images.xcassets */,
				1AA2D45119D323CC0003A9A1 /* Supporting Files */,
				1AA2D47819D328C70003A9A1 /* ColorView.swift */,
				1AA2D47E19D3AA100003A9A1 /* FeatureTableViewCell.swift */,
			);
			path = JSONView;
			sourceTree = "<group>";
		};
		1AA2D45119D323CC0003A9A1 /* Supporting Files */ = {
			isa = PBXGroup;
			children = (
				1AA2D45219D323CC0003A9A1 /* Info.plist */,
				1AA2D47619D324450003A9A1 /* iphone.json */,
				1AA2D47A19D32BFD0003A9A1 /* hi.json */,
			);
			name = "Supporting Files";
			sourceTree = "<group>";
		};
		1AA2D46319D323CC0003A9A1 /* JSONViewTests */ = {
			isa = PBXGroup;
			children = (
				1AA2D46619D323CC0003A9A1 /* JSONViewTests.swift */,
				1AA2D46419D323CC0003A9A1 /* Supporting Files */,
			);
			path = JSONViewTests;
			sourceTree = "<group>";
		};
		1AA2D46419D323CC0003A9A1 /* Supporting Files */ = {
			isa = PBXGroup;
			children = (
				1AA2D46519D323CC0003A9A1 /* Info.plist */,
			);
			name = "Supporting Files";
			sourceTree = "<group>";
		};
/* End PBXGroup section */

/* Begin PBXNativeTarget section */
		1AA2D44D19D323CC0003A9A1 /* JSONView */ = {
			isa = PBXNativeTarget;
			buildConfigurationList = 1AA2D46A19D323CC0003A9A1 /* Build configuration list for PBXNativeTarget "JSONView" */;
			buildPhases = (
				1AA2D44A19D323CC0003A9A1 /* Sources */,
				1AA2D44B19D323CC0003A9A1 /* Frameworks */,
				1AA2D44C19D323CC0003A9A1 /* Resources */,
			);
			buildRules = (
			);
			dependencies = (
			);
			name = JSONView;
			productName = JSONView;
			productReference = 1AA2D44E19D323CC0003A9A1 /* JSONView.app */;
			productType = "com.apple.product-type.application";
		};
		1AA2D45F19D323CC0003A9A1 /* JSONViewTests */ = {
			isa = PBXNativeTarget;
			buildConfigurationList = 1AA2D46D19D323CC0003A9A1 /* Build configuration list for PBXNativeTarget "JSONViewTests" */;
			buildPhases = (
				1AA2D45C19D323CC0003A9A1 /* Sources */,
				1AA2D45D19D323CC0003A9A1 /* Frameworks */,
				1AA2D45E19D323CC0003A9A1 /* Resources */,
			);
			buildRules = (
			);
			dependencies = (
				1AA2D46219D323CC0003A9A1 /* PBXTargetDependency */,
			);
			name = JSONViewTests;
			productName = JSONViewTests;
			productReference = 1AA2D46019D323CC0003A9A1 /* JSONViewTests.xctest */;
			productType = "com.apple.product-type.bundle.unit-test";
		};
/* End PBXNativeTarget section */

/* Begin PBXProject section */
		1AA2D44619D323CC0003A9A1 /* Project object */ = {
			isa = PBXProject;
			attributes = {
				LastUpgradeCheck = 0600;
				ORGANIZATIONNAME = "James Tang";
				TargetAttributes = {
					1AA2D44D19D323CC0003A9A1 = {
						CreatedOnToolsVersion = 6.0;
					};
					1AA2D45F19D323CC0003A9A1 = {
						CreatedOnToolsVersion = 6.0;
						TestTargetID = 1AA2D44D19D323CC0003A9A1;
					};
				};
			};
			buildConfigurationList = 1AA2D44919D323CC0003A9A1 /* Build configuration list for PBXProject "JSONView" */;
			compatibilityVersion = "Xcode 3.2";
			developmentRegion = English;
			hasScannedForEncodings = 0;
			knownRegions = (
				en,
				Base,
			);
			mainGroup = 1AA2D44519D323CC0003A9A1;
			productRefGroup = 1AA2D44F19D323CC0003A9A1 /* Products */;
			projectDirPath = "";
			projectRoot = "";
			targets = (
				1AA2D44D19D323CC0003A9A1 /* JSONView */,
				1AA2D45F19D323CC0003A9A1 /* JSONViewTests */,
			);
		};
/* End PBXProject section */

/* Begin PBXResourcesBuildPhase section */
		1AA2D44C19D323CC0003A9A1 /* Resources */ = {
			isa = PBXResourcesBuildPhase;
			buildActionMask = 2147483647;
			files = (
				1AA2D47B19D32BFD0003A9A1 /* hi.json in Resources */,
				1AA2D45919D323CC0003A9A1 /* Main.storyboard in Resources */,
				1AA2D47719D324450003A9A1 /* iphone.json in Resources */,
				1AA2D45B19D323CC0003A9A1 /* Images.xcassets in Resources */,
			);
			runOnlyForDeploymentPostprocessing = 0;
		};
		1AA2D45E19D323CC0003A9A1 /* Resources */ = {
			isa = PBXResourcesBuildPhase;
			buildActionMask = 2147483647;
			files = (
			);
			runOnlyForDeploymentPostprocessing = 0;
		};
/* End PBXResourcesBuildPhase section */

/* Begin PBXSourcesBuildPhase section */
		1AA2D44A19D323CC0003A9A1 /* Sources */ = {
			isa = PBXSourcesBuildPhase;
			buildActionMask = 2147483647;
			files = (
				1AA2D47919D328C70003A9A1 /* ColorView.swift in Sources */,
				1AA2D45619D323CC0003A9A1 /* ViewController.swift in Sources */,
				1AA2D45419D323CC0003A9A1 /* AppDelegate.swift in Sources */,
				1AA2D47519D323EF0003A9A1 /* JSONDataSource.swift in Sources */,
				1AA2D47419D323EF0003A9A1 /* JSONView.swift in Sources */,
				1AA2D47F19D3AA100003A9A1 /* FeatureTableViewCell.swift in Sources */,
				1AA2D47319D323EF0003A9A1 /* JSONLoader.swift in Sources */,
			);
			runOnlyForDeploymentPostprocessing = 0;
		};
		1AA2D45C19D323CC0003A9A1 /* Sources */ = {
			isa = PBXSourcesBuildPhase;
			buildActionMask = 2147483647;
			files = (
				1AA2D46719D323CC0003A9A1 /* JSONViewTests.swift in Sources */,
			);
			runOnlyForDeploymentPostprocessing = 0;
		};
/* End PBXSourcesBuildPhase section */

/* Begin PBXTargetDependency section */
		1AA2D46219D323CC0003A9A1 /* PBXTargetDependency */ = {
			isa = PBXTargetDependency;
			target = 1AA2D44D19D323CC0003A9A1 /* JSONView */;
			targetProxy = 1AA2D46119D323CC0003A9A1 /* PBXContainerItemProxy */;
		};
/* End PBXTargetDependency section */

/* Begin PBXVariantGroup section */
		1AA2D45719D323CC0003A9A1 /* Main.storyboard */ = {
			isa = PBXVariantGroup;
			children = (
				1AA2D45819D323CC0003A9A1 /* Base */,
			);
			name = Main.storyboard;
			sourceTree = "<group>";
		};
/* End PBXVariantGroup section */

/* Begin XCBuildConfiguration section */
		1AA2D46819D323CC0003A9A1 /* Debug */ = {
			isa = XCBuildConfiguration;
			buildSettings = {
				ALWAYS_SEARCH_USER_PATHS = NO;
				CLANG_CXX_LANGUAGE_STANDARD = "gnu++0x";
				CLANG_CXX_LIBRARY = "libc++";
				CLANG_ENABLE_MODULES = YES;
				CLANG_ENABLE_OBJC_ARC = YES;
				CLANG_WARN_BOOL_CONVERSION = YES;
				CLANG_WARN_CONSTANT_CONVERSION = YES;
				CLANG_WARN_DIRECT_OBJC_ISA_USAGE = YES_ERROR;
				CLANG_WARN_EMPTY_BODY = YES;
				CLANG_WARN_ENUM_CONVERSION = YES;
				CLANG_WARN_INT_CONVERSION = YES;
				CLANG_WARN_OBJC_ROOT_CLASS = YES_ERROR;
				CLANG_WARN_UNREACHABLE_CODE = YES;
				CLANG_WARN__DUPLICATE_METHOD_MATCH = YES;
				"CODE_SIGN_IDENTITY[sdk=iphoneos*]" = "iPhone Developer";
				COPY_PHASE_STRIP = NO;
				ENABLE_STRICT_OBJC_MSGSEND = YES;
				GCC_C_LANGUAGE_STANDARD = gnu99;
				GCC_DYNAMIC_NO_PIC = NO;
				GCC_OPTIMIZATION_LEVEL = 0;
				GCC_PREPROCESSOR_DEFINITIONS = (
					"DEBUG=1",
					"$(inherited)",
				);
				GCC_SYMBOLS_PRIVATE_EXTERN = NO;
				GCC_WARN_64_TO_32_BIT_CONVERSION = YES;
				GCC_WARN_ABOUT_RETURN_TYPE = YES_ERROR;
				GCC_WARN_UNDECLARED_SELECTOR = YES;
				GCC_WARN_UNINITIALIZED_AUTOS = YES_AGGRESSIVE;
				GCC_WARN_UNUSED_FUNCTION = YES;
				GCC_WARN_UNUSED_VARIABLE = YES;
				IPHONEOS_DEPLOYMENT_TARGET = 8.0;
				MTL_ENABLE_DEBUG_INFO = YES;
				ONLY_ACTIVE_ARCH = YES;
				SDKROOT = iphoneos;
				SWIFT_OPTIMIZATION_LEVEL = "-Onone";
			};
			name = Debug;
		};
		1AA2D46919D323CC0003A9A1 /* Release */ = {
			isa = XCBuildConfiguration;
			buildSettings = {
				ALWAYS_SEARCH_USER_PATHS = NO;
				CLANG_CXX_LANGUAGE_STANDARD = "gnu++0x";
				CLANG_CXX_LIBRARY = "libc++";
				CLANG_ENABLE_MODULES = YES;
				CLANG_ENABLE_OBJC_ARC = YES;
				CLANG_WARN_BOOL_CONVERSION = YES;
				CLANG_WARN_CONSTANT_CONVERSION = YES;
				CLANG_WARN_DIRECT_OBJC_ISA_USAGE = YES_ERROR;
				CLANG_WARN_EMPTY_BODY = YES;
				CLANG_WARN_ENUM_CONVERSION = YES;
				CLANG_WARN_INT_CONVERSION = YES;
				CLANG_WARN_OBJC_ROOT_CLASS = YES_ERROR;
				CLANG_WARN_UNREACHABLE_CODE = YES;
				CLANG_WARN__DUPLICATE_METHOD_MATCH = YES;
				"CODE_SIGN_IDENTITY[sdk=iphoneos*]" = "iPhone Developer";
				COPY_PHASE_STRIP = YES;
				ENABLE_NS_ASSERTIONS = NO;
				ENABLE_STRICT_OBJC_MSGSEND = YES;
				GCC_C_LANGUAGE_STANDARD = gnu99;
				GCC_WARN_64_TO_32_BIT_CONVERSION = YES;
				GCC_WARN_ABOUT_RETURN_TYPE = YES_ERROR;
				GCC_WARN_UNDECLARED_SELECTOR = YES;
				GCC_WARN_UNINITIALIZED_AUTOS = YES_AGGRESSIVE;
				GCC_WARN_UNUSED_FUNCTION = YES;
				GCC_WARN_UNUSED_VARIABLE = YES;
				IPHONEOS_DEPLOYMENT_TARGET = 8.0;
				MTL_ENABLE_DEBUG_INFO = NO;
				SDKROOT = iphoneos;
				VALIDATE_PRODUCT = YES;
			};
			name = Release;
		};
		1AA2D46B19D323CC0003A9A1 /* Debug */ = {
			isa = XCBuildConfiguration;
			buildSettings = {
				ASSETCATALOG_COMPILER_APPICON_NAME = AppIcon;
				ASSETCATALOG_COMPILER_LAUNCHIMAGE_NAME = LaunchImage;
				INFOPLIST_FILE = JSONView/Info.plist;
				LD_RUNPATH_SEARCH_PATHS = "$(inherited) @executable_path/Frameworks";
				PRODUCT_NAME = "$(TARGET_NAME)";
			};
			name = Debug;
		};
		1AA2D46C19D323CC0003A9A1 /* Release */ = {
			isa = XCBuildConfiguration;
			buildSettings = {
				ASSETCATALOG_COMPILER_APPICON_NAME = AppIcon;
				ASSETCATALOG_COMPILER_LAUNCHIMAGE_NAME = LaunchImage;
				INFOPLIST_FILE = JSONView/Info.plist;
				LD_RUNPATH_SEARCH_PATHS = "$(inherited) @executable_path/Frameworks";
				PRODUCT_NAME = "$(TARGET_NAME)";
			};
			name = Release;
		};
		1AA2D46E19D323CC0003A9A1 /* Debug */ = {
			isa = XCBuildConfiguration;
			buildSettings = {
				BUNDLE_LOADER = "$(TEST_HOST)";
				FRAMEWORK_SEARCH_PATHS = (
					"$(SDKROOT)/Developer/Library/Frameworks",
					"$(inherited)",
				);
				GCC_PREPROCESSOR_DEFINITIONS = (
					"DEBUG=1",
					"$(inherited)",
				);
				INFOPLIST_FILE = JSONViewTests/Info.plist;
				LD_RUNPATH_SEARCH_PATHS = "$(inherited) @executable_path/Frameworks @loader_path/Frameworks";
				PRODUCT_NAME = "$(TARGET_NAME)";
				TEST_HOST = "$(BUILT_PRODUCTS_DIR)/JSONView.app/JSONView";
			};
			name = Debug;
		};
		1AA2D46F19D323CC0003A9A1 /* Release */ = {
			isa = XCBuildConfiguration;
			buildSettings = {
				BUNDLE_LOADER = "$(TEST_HOST)";
				FRAMEWORK_SEARCH_PATHS = (
					"$(SDKROOT)/Developer/Library/Frameworks",
					"$(inherited)",
				);
				INFOPLIST_FILE = JSONViewTests/Info.plist;
				LD_RUNPATH_SEARCH_PATHS = "$(inherited) @executable_path/Frameworks @loader_path/Frameworks";
				PRODUCT_NAME = "$(TARGET_NAME)";
				TEST_HOST = "$(BUILT_PRODUCTS_DIR)/JSONView.app/JSONView";
			};
			name = Release;
		};
/* End XCBuildConfiguration section */

/* Begin XCConfigurationList section */
		1AA2D44919D323CC0003A9A1 /* Build configuration list for PBXProject "JSONView" */ = {
			isa = XCConfigurationList;
			buildConfigurations = (
				1AA2D46819D323CC0003A9A1 /* Debug */,
				1AA2D46919D323CC0003A9A1 /* Release */,
			);
			defaultConfigurationIsVisible = 0;
			defaultConfigurationName = Release;
		};
		1AA2D46A19D323CC0003A9A1 /* Build configuration list for PBXNativeTarget "JSONView" */ = {
			isa = XCConfigurationList;
			buildConfigurations = (
				1AA2D46B19D323CC0003A9A1 /* Debug */,
				1AA2D46C19D323CC0003A9A1 /* Release */,
			);
			defaultConfigurationIsVisible = 0;
		};
		1AA2D46D19D323CC0003A9A1 /* Build configuration list for PBXNativeTarget "JSONViewTests" */ = {
			isa = XCConfigurationList;
			buildConfigurations = (
				1AA2D46E19D323CC0003A9A1 /* Debug */,
				1AA2D46F19D323CC0003A9A1 /* Release */,
			);
			defaultConfigurationIsVisible = 0;
		};
/* End XCConfigurationList section */
	};
	rootObject = 1AA2D44619D323CC0003A9A1 /* Project object */;
}
